
Microsoft Visual Studio Solution File, Format Version 12.00
# Visual Studio Version 16
VisualStudioVersion = 16.0.31624.102
MinimumVisualStudioVersion = 10.0.40219.1
Project("{FAE04EC0-301F-11D3-BF4B-00C04F79EFBC}") = "Movie", "Movie\Movie.csproj", "{161364AD-37BB-4214-9CF3-3379A10F1495}"
EndProject
Global
	GlobalSection(SolutionConfigurationPlatforms) = preSolution
		Debug|Any CPU = Debug|Any CPU
		Release|Any CPU = Release|Any CPU
	EndGlobalSection
	GlobalSection(ProjectConfigurationPlatforms) = postSolution
		{161364AD-37BB-4214-9CF3-3379A10F1495}.Debug|Any CPU.ActiveCfg = Debug|Any CPU
		{161364AD-37BB-4214-9CF3-3379A10F1495}.Debug|Any CPU.Build.0 = Debug|Any CPU
		{161364AD-37BB-4214-9CF3-3379A10F1495}.Release|Any CPU.ActiveCfg = Release|Any CPU
		{161364AD-37BB-4214-9CF3-3379A10F1495}.Release|Any CPU.Build.0 = Release|Any CPU
	EndGlobalSection
	GlobalSection(SolutionProperties) = preSolution
		HideSolutionNode = FALSE
	EndGlobalSection
	GlobalSection(ExtensibilityGlobals) = postSolution
		SolutionGuid = {F6D3DEEC-FF4F-4143-BA8A-387707D58B18}
	EndGlobalSection
EndGlobal
